
Microsoft Visual Studio Solution File, Format Version 12.00
# Visual Studio Version 16
VisualStudioVersion = 16.0.31515.178
MinimumVisualStudioVersion = 10.0.40219.1
Project("{8BC9CEB8-8B4A-11D0-8D11-00A0C91BC942}") = "3-b3.c", "3-b3.c\3-b3.c.vcxproj", "{EE3116B7-F678-4678-B625-3E0069DBC6B1}"
EndProject
Global
	GlobalSection(SolutionConfigurationPlatforms) = preSolution
		Debug|x64 = Debug|x64
		Debug|x86 = Debug|x86
		Release|x64 = Release|x64
		Release|x86 = Release|x86
	EndGlobalSection
	GlobalSection(ProjectConfigurationPlatforms) = postSolution
		{EE3116B7-F678-4678-B625-3E0069DBC6B1}.Debug|x64.ActiveCfg = Debug|x64
		{EE3116B7-F678-4678-B625-3E0069DBC6B1}.Debug|x64.Build.0 = Debug|x64
		{EE3116B7-F678-4678-B625-3E0069DBC6B1}.Debug|x86.ActiveCfg = Debug|Win32
		{EE3116B7-F678-4678-B625-3E0069DBC6B1}.Debug|x86.Build.0 = Debug|Win32
		{EE3116B7-F678-4678-B625-3E0069DBC6B1}.Release|x64.ActiveCfg = Release|x64
		{EE3116B7-F678-4678-B625-3E0069DBC6B1}.Release|x64.Build.0 = Release|x64
		{EE3116B7-F678-4678-B625-3E0069DBC6B1}.Release|x86.ActiveCfg = Release|Win32
		{EE3116B7-F678-4678-B625-3E0069DBC6B1}.Release|x86.Build.0 = Release|Win32
	EndGlobalSection
	GlobalSection(SolutionProperties) = preSolution
		HideSolutionNode = FALSE
	EndGlobalSection
	GlobalSection(ExtensibilityGlobals) = postSolution
		SolutionGuid = {B5DCBDA8-32EC-4F75-A120-E3A516672F03}
	EndGlobalSection
EndGlobal
