
Microsoft Visual Studio Solution File, Format Version 12.00
# Visual Studio Version 16
VisualStudioVersion = 16.0.31515.178
MinimumVisualStudioVersion = 10.0.40219.1
Project("{8BC9CEB8-8B4A-11D0-8D11-00A0C91BC942}") = "4-b5.c", "4-b5.c\4-b5.c.vcxproj", "{5E8CBCB8-07F0-4969-A344-AA6231EDA6A4}"
EndProject
Project("{8BC9CEB8-8B4A-11D0-8D11-00A0C91BC942}") = "4-b6.cpp", "4-b6.cpp\4-b6.cpp.vcxproj", "{2B1FCED2-54F4-49D8-BDD5-0BEE575E31B2}"
EndProject
Project("{8BC9CEB8-8B4A-11D0-8D11-00A0C91BC942}") = "4-b7.cpp", "4-b7.cpp\4-b7.cpp.vcxproj", "{D6BE2745-C832-42B9-BEC9-D3E0E40597DC}"
EndProject
Project("{8BC9CEB8-8B4A-11D0-8D11-00A0C91BC942}") = "4-b8.c", "4-b8.c\4-b8.c.vcxproj", "{BB61ABDD-D6CD-4EC5-ACF5-317DAFDD7DAB}"
EndProject
Project("{8BC9CEB8-8B4A-11D0-8D11-00A0C91BC942}") = "4-b9.cpp", "4-b9.cpp\4-b9.cpp.vcxproj", "{AF2BAD2E-90C9-4CCD-84C6-8861E23700C9}"
EndProject
Project("{8BC9CEB8-8B4A-11D0-8D11-00A0C91BC942}") = "4-b10.cpp", "4-b10.cpp\4-b10.cpp.vcxproj", "{43C94720-6063-4E48-BF18-B837D295DF4D}"
EndProject
Project("{8BC9CEB8-8B4A-11D0-8D11-00A0C91BC942}") = "4-b11.cpp", "4-b11.cpp\4-b11.cpp.vcxproj", "{AB6D5590-0169-4FA9-94CF-7D598A6878F8}"
EndProject
Project("{8BC9CEB8-8B4A-11D0-8D11-00A0C91BC942}") = "4-b12.cpp", "4-b12.cpp\4-b12.cpp.vcxproj", "{68BE1BA9-10EF-4944-AED0-AD18749D9713}"
EndProject
Project("{8BC9CEB8-8B4A-11D0-8D11-00A0C91BC942}") = "4-b13.cpp", "4-b13.cpp\4-b13.cpp.vcxproj", "{FF3D44B0-5C80-45D0-92CB-48DDD8796DBD}"
EndProject
Project("{8BC9CEB8-8B4A-11D0-8D11-00A0C91BC942}") = "4-b13.c", "4-b13.c\4-b13.c.vcxproj", "{0810278C-887E-44E4-A52F-294BA7A86BE6}"
EndProject
Global
	GlobalSection(SolutionConfigurationPlatforms) = preSolution
		Debug|x64 = Debug|x64
		Debug|x86 = Debug|x86
		Release|x64 = Release|x64
		Release|x86 = Release|x86
	EndGlobalSection
	GlobalSection(ProjectConfigurationPlatforms) = postSolution
		{5E8CBCB8-07F0-4969-A344-AA6231EDA6A4}.Debug|x64.ActiveCfg = Debug|x64
		{5E8CBCB8-07F0-4969-A344-AA6231EDA6A4}.Debug|x64.Build.0 = Debug|x64
		{5E8CBCB8-07F0-4969-A344-AA6231EDA6A4}.Debug|x86.ActiveCfg = Debug|Win32
		{5E8CBCB8-07F0-4969-A344-AA6231EDA6A4}.Debug|x86.Build.0 = Debug|Win32
		{5E8CBCB8-07F0-4969-A344-AA6231EDA6A4}.Release|x64.ActiveCfg = Release|x64
		{5E8CBCB8-07F0-4969-A344-AA6231EDA6A4}.Release|x64.Build.0 = Release|x64
		{5E8CBCB8-07F0-4969-A344-AA6231EDA6A4}.Release|x86.ActiveCfg = Release|Win32
		{5E8CBCB8-07F0-4969-A344-AA6231EDA6A4}.Release|x86.Build.0 = Release|Win32
		{2B1FCED2-54F4-49D8-BDD5-0BEE575E31B2}.Debug|x64.ActiveCfg = Debug|x64
		{2B1FCED2-54F4-49D8-BDD5-0BEE575E31B2}.Debug|x64.Build.0 = Debug|x64
		{2B1FCED2-54F4-49D8-BDD5-0BEE575E31B2}.Debug|x86.ActiveCfg = Debug|Win32
		{2B1FCED2-54F4-49D8-BDD5-0BEE575E31B2}.Debug|x86.Build.0 = Debug|Win32
		{2B1FCED2-54F4-49D8-BDD5-0BEE575E31B2}.Release|x64.ActiveCfg = Release|x64
		{2B1FCED2-54F4-49D8-BDD5-0BEE575E31B2}.Release|x64.Build.0 = Release|x64
		{2B1FCED2-54F4-49D8-BDD5-0BEE575E31B2}.Release|x86.ActiveCfg = Release|Win32
		{2B1FCED2-54F4-49D8-BDD5-0BEE575E31B2}.Release|x86.Build.0 = Release|Win32
		{D6BE2745-C832-42B9-BEC9-D3E0E40597DC}.Debug|x64.ActiveCfg = Debug|x64
		{D6BE2745-C832-42B9-BEC9-D3E0E40597DC}.Debug|x64.Build.0 = Debug|x64
		{D6BE2745-C832-42B9-BEC9-D3E0E40597DC}.Debug|x86.ActiveCfg = Debug|Win32
		{D6BE2745-C832-42B9-BEC9-D3E0E40597DC}.Debug|x86.Build.0 = Debug|Win32
		{D6BE2745-C832-42B9-BEC9-D3E0E40597DC}.Release|x64.ActiveCfg = Release|x64
		{D6BE2745-C832-42B9-BEC9-D3E0E40597DC}.Release|x64.Build.0 = Release|x64
		{D6BE2745-C832-42B9-BEC9-D3E0E40597DC}.Release|x86.ActiveCfg = Release|Win32
		{D6BE2745-C832-42B9-BEC9-D3E0E40597DC}.Release|x86.Build.0 = Release|Win32
		{BB61ABDD-D6CD-4EC5-ACF5-317DAFDD7DAB}.Debug|x64.ActiveCfg = Debug|x64
		{BB61ABDD-D6CD-4EC5-ACF5-317DAFDD7DAB}.Debug|x64.Build.0 = Debug|x64
		{BB61ABDD-D6CD-4EC5-ACF5-317DAFDD7DAB}.Debug|x86.ActiveCfg = Debug|Win32
		{BB61ABDD-D6CD-4EC5-ACF5-317DAFDD7DAB}.Debug|x86.Build.0 = Debug|Win32
		{BB61ABDD-D6CD-4EC5-ACF5-317DAFDD7DAB}.Release|x64.ActiveCfg = Release|x64
		{BB61ABDD-D6CD-4EC5-ACF5-317DAFDD7DAB}.Release|x64.Build.0 = Release|x64
		{BB61ABDD-D6CD-4EC5-ACF5-317DAFDD7DAB}.Release|x86.ActiveCfg = Release|Win32
		{BB61ABDD-D6CD-4EC5-ACF5-317DAFDD7DAB}.Release|x86.Build.0 = Release|Win32
		{AF2BAD2E-90C9-4CCD-84C6-8861E23700C9}.Debug|x64.ActiveCfg = Debug|x64
		{AF2BAD2E-90C9-4CCD-84C6-8861E23700C9}.Debug|x64.Build.0 = Debug|x64
		{AF2BAD2E-90C9-4CCD-84C6-8861E23700C9}.Debug|x86.ActiveCfg = Debug|Win32
		{AF2BAD2E-90C9-4CCD-84C6-8861E23700C9}.Debug|x86.Build.0 = Debug|Win32
		{AF2BAD2E-90C9-4CCD-84C6-8861E23700C9}.Release|x64.ActiveCfg = Release|x64
		{AF2BAD2E-90C9-4CCD-84C6-8861E23700C9}.Release|x64.Build.0 = Release|x64
		{AF2BAD2E-90C9-4CCD-84C6-8861E23700C9}.Release|x86.ActiveCfg = Release|Win32
		{AF2BAD2E-90C9-4CCD-84C6-8861E23700C9}.Release|x86.Build.0 = Release|Win32
		{43C94720-6063-4E48-BF18-B837D295DF4D}.Debug|x64.ActiveCfg = Debug|x64
		{43C94720-6063-4E48-BF18-B837D295DF4D}.Debug|x64.Build.0 = Debug|x64
		{43C94720-6063-4E48-BF18-B837D295DF4D}.Debug|x86.ActiveCfg = Debug|Win32
		{43C94720-6063-4E48-BF18-B837D295DF4D}.Debug|x86.Build.0 = Debug|Win32
		{43C94720-6063-4E48-BF18-B837D295DF4D}.Release|x64.ActiveCfg = Release|x64
		{43C94720-6063-4E48-BF18-B837D295DF4D}.Release|x64.Build.0 = Release|x64
		{43C94720-6063-4E48-BF18-B837D295DF4D}.Release|x86.ActiveCfg = Release|Win32
		{43C94720-6063-4E48-BF18-B837D295DF4D}.Release|x86.Build.0 = Release|Win32
		{AB6D5590-0169-4FA9-94CF-7D598A6878F8}.Debug|x64.ActiveCfg = Debug|x64
		{AB6D5590-0169-4FA9-94CF-7D598A6878F8}.Debug|x64.Build.0 = Debug|x64
		{AB6D5590-0169-4FA9-94CF-7D598A6878F8}.Debug|x86.ActiveCfg = Debug|Win32
		{AB6D5590-0169-4FA9-94CF-7D598A6878F8}.Debug|x86.Build.0 = Debug|Win32
		{AB6D5590-0169-4FA9-94CF-7D598A6878F8}.Release|x64.ActiveCfg = Release|x64
		{AB6D5590-0169-4FA9-94CF-7D598A6878F8}.Release|x64.Build.0 = Release|x64
		{AB6D5590-0169-4FA9-94CF-7D598A6878F8}.Release|x86.ActiveCfg = Release|Win32
		{AB6D5590-0169-4FA9-94CF-7D598A6878F8}.Release|x86.Build.0 = Release|Win32
		{68BE1BA9-10EF-4944-AED0-AD18749D9713}.Debug|x64.ActiveCfg = Debug|x64
		{68BE1BA9-10EF-4944-AED0-AD18749D9713}.Debug|x64.Build.0 = Debug|x64
		{68BE1BA9-10EF-4944-AED0-AD18749D9713}.Debug|x86.ActiveCfg = Debug|Win32
		{68BE1BA9-10EF-4944-AED0-AD18749D9713}.Debug|x86.Build.0 = Debug|Win32
		{68BE1BA9-10EF-4944-AED0-AD18749D9713}.Release|x64.ActiveCfg = Release|x64
		{68BE1BA9-10EF-4944-AED0-AD18749D9713}.Release|x64.Build.0 = Release|x64
		{68BE1BA9-10EF-4944-AED0-AD18749D9713}.Release|x86.ActiveCfg = Release|Win32
		{68BE1BA9-10EF-4944-AED0-AD18749D9713}.Release|x86.Build.0 = Release|Win32
		{FF3D44B0-5C80-45D0-92CB-48DDD8796DBD}.Debug|x64.ActiveCfg = Debug|x64
		{FF3D44B0-5C80-45D0-92CB-48DDD8796DBD}.Debug|x64.Build.0 = Debug|x64
		{FF3D44B0-5C80-45D0-92CB-48DDD8796DBD}.Debug|x86.ActiveCfg = Debug|Win32
		{FF3D44B0-5C80-45D0-92CB-48DDD8796DBD}.Debug|x86.Build.0 = Debug|Win32
		{FF3D44B0-5C80-45D0-92CB-48DDD8796DBD}.Release|x64.ActiveCfg = Release|x64
		{FF3D44B0-5C80-45D0-92CB-48DDD8796DBD}.Release|x64.Build.0 = Release|x64
		{FF3D44B0-5C80-45D0-92CB-48DDD8796DBD}.Release|x86.ActiveCfg = Release|Win32
		{FF3D44B0-5C80-45D0-92CB-48DDD8796DBD}.Release|x86.Build.0 = Release|Win32
		{0810278C-887E-44E4-A52F-294BA7A86BE6}.Debug|x64.ActiveCfg = Debug|x64
		{0810278C-887E-44E4-A52F-294BA7A86BE6}.Debug|x64.Build.0 = Debug|x64
		{0810278C-887E-44E4-A52F-294BA7A86BE6}.Debug|x86.ActiveCfg = Debug|Win32
		{0810278C-887E-44E4-A52F-294BA7A86BE6}.Debug|x86.Build.0 = Debug|Win32
		{0810278C-887E-44E4-A52F-294BA7A86BE6}.Release|x64.ActiveCfg = Release|x64
		{0810278C-887E-44E4-A52F-294BA7A86BE6}.Release|x64.Build.0 = Release|x64
		{0810278C-887E-44E4-A52F-294BA7A86BE6}.Release|x86.ActiveCfg = Release|Win32
		{0810278C-887E-44E4-A52F-294BA7A86BE6}.Release|x86.Build.0 = Release|Win32
	EndGlobalSection
	GlobalSection(SolutionProperties) = preSolution
		HideSolutionNode = FALSE
	EndGlobalSection
	GlobalSection(ExtensibilityGlobals) = postSolution
		SolutionGuid = {BEAB492B-71E0-4B3B-B492-D78215F58012}
	EndGlobalSection
EndGlobal
