
Microsoft Visual Studio Solution File, Format Version 12.00
# Visual Studio Version 16
VisualStudioVersion = 16.0.31515.178
MinimumVisualStudioVersion = 10.0.40219.1
Project("{8BC9CEB8-8B4A-11D0-8D11-00A0C91BC942}") = "max重载函数.cpp", "max重载函数.cpp\max重载函数.cpp.vcxproj", "{4B258A48-0D2F-4C53-812E-67A56001E152}"
EndProject
Project("{8BC9CEB8-8B4A-11D0-8D11-00A0C91BC942}") = "min带缺省参数", "min带缺省参数\min带缺省参数.vcxproj", "{2518DEEA-84B6-4086-AF49-5DDAA5B9001E}"
EndProject
Project("{8BC9CEB8-8B4A-11D0-8D11-00A0C91BC942}") = "函数模板-比较参数空间大小", "函数模板-比较参数空间大小\函数模板-比较参数空间大小.vcxproj", "{3A0B166E-D6FB-4A78-BD61-B1EDF62D16AC}"
EndProject
Project("{8BC9CEB8-8B4A-11D0-8D11-00A0C91BC942}") = "函数模板-累加和", "函数模板-累加和\函数模板-累加和.vcxproj", "{992EE5D3-4431-496F-A76F-CE58867B3A29}"
EndProject
Project("{8BC9CEB8-8B4A-11D0-8D11-00A0C91BC942}") = "有序数组中插入数据后仍保持有序", "有序数组中插入数据后仍保持有序\有序数组中插入数据后仍保持有序.vcxproj", "{8BD9F73F-C329-4E8D-90A9-B1BE2C85D5FE}"
EndProject
Project("{8BC9CEB8-8B4A-11D0-8D11-00A0C91BC942}") = "100盏灯的亮灭", "100盏灯的亮灭\100盏灯的亮灭.vcxproj", "{2BD789AA-49D9-4C5B-ADC4-6B8A1CDB1B50}"
EndProject
Project("{8BC9CEB8-8B4A-11D0-8D11-00A0C91BC942}") = "输入日期求天数", "输入日期求天数\输入日期求天数.vcxproj", "{DBEDECD5-46D4-4C74-9E7F-ADAF1A996D9A}"
EndProject
Project("{8BC9CEB8-8B4A-11D0-8D11-00A0C91BC942}") = "含相同值的成绩计数", "含相同值的成绩计数\含相同值的成绩计数.vcxproj", "{E0267436-E71B-487E-B502-76606A73D305}"
EndProject
Project("{8BC9CEB8-8B4A-11D0-8D11-00A0C91BC942}") = "含相同值的成绩排序", "含相同值的成绩排序\含相同值的成绩排序.vcxproj", "{DE7A62F3-0A5D-4E87-A458-F4257ABB552C}"
EndProject
Project("{8BC9CEB8-8B4A-11D0-8D11-00A0C91BC942}") = "汉诺塔-每步详细(横向)-3个变量+3个一维", "汉诺塔-每步详细(横向)-3个变量+3个一维\汉诺塔-每步详细(横向)-3个变量+3个一维.vcxproj", "{CE332869-3A05-4519-92D2-AB7F859C9BE8}"
EndProject
Project("{8BC9CEB8-8B4A-11D0-8D11-00A0C91BC942}") = "汉诺塔-每步详细(横向)-1个一维+1个二维", "汉诺塔-每步详细(横向)-1个一维+1个二维\汉诺塔-每步详细(横向)-1个一维+1个二维.vcxproj", "{29A0A066-9920-46FF-ADCA-4B1DC3BF8BA2}"
EndProject
Project("{8BC9CEB8-8B4A-11D0-8D11-00A0C91BC942}") = "汉诺塔-每步详细(横向+纵向)", "汉诺塔-每步详细(横向+纵向)\汉诺塔-每步详细(横向+纵向).vcxproj", "{94311FE4-FCEC-47BA-B7D9-F912B7CBE587}"
EndProject
Project("{8BC9CEB8-8B4A-11D0-8D11-00A0C91BC942}") = "凸多边形判断并求面积", "凸多边形判断并求面积\凸多边形判断并求面积.vcxproj", "{2F982015-B627-4792-ADAD-88C3E3EA535C}"
EndProject
Project("{8BC9CEB8-8B4A-11D0-8D11-00A0C91BC942}") = "数独判断", "数独判断\数独判断.vcxproj", "{946D324C-7AF9-4E9D-9EE2-09012594F92D}"
EndProject
Project("{8BC9CEB8-8B4A-11D0-8D11-00A0C91BC942}") = "打印年历", "打印年历\打印年历.vcxproj", "{B6EF87D1-CEDE-4C21-B2B2-15CAEEB68774}"
EndProject
Project("{8BC9CEB8-8B4A-11D0-8D11-00A0C91BC942}") = "人民币大写(char数组+1句输出+C方式)", "人民币大写(char数组+1句输出+C方式)\人民币大写(char数组+1句输出+C方式).vcxproj", "{40F8DF31-CB47-48AF-9D7D-F7E3E53FE078}"
EndProject
Project("{8BC9CEB8-8B4A-11D0-8D11-00A0C91BC942}") = "人民币大写(string类+一句输出)", "人民币大写(string类+一句输出)\人民币大写(string类+一句输出).vcxproj", "{B3B226CF-C1FA-4D25-9632-FA3CB62DCCF2}"
EndProject
Project("{8BC9CEB8-8B4A-11D0-8D11-00A0C91BC942}") = "一组字符串处理函数", "一组字符串处理函数\一组字符串处理函数.vcxproj", "{0CC30B4F-15B9-4E64-AA4B-FCD0C9FDED19}"
EndProject
Project("{8BC9CEB8-8B4A-11D0-8D11-00A0C91BC942}") = "扫雷内部数组生成", "扫雷内部数组生成\扫雷内部数组生成.vcxproj", "{E5029F17-E118-4C33-97E4-6A335987E605}"
EndProject
Project("{8BC9CEB8-8B4A-11D0-8D11-00A0C91BC942}") = "扫雷内部数组验证(C方式)", "扫雷内部数组验证(C方式)\扫雷内部数组验证(C方式).vcxproj", "{2A6BD19D-FE85-4871-BFC2-39660C770331}"
EndProject
Project("{8BC9CEB8-8B4A-11D0-8D11-00A0C91BC942}") = "统计各种字符的数量", "统计各种字符的数量\统计各种字符的数量.vcxproj", "{EAD89E45-F62E-4901-8324-2E6BE95D4D7C}"
EndProject
Project("{8BC9CEB8-8B4A-11D0-8D11-00A0C91BC942}") = "学号降序打印及格名单(C方式)", "学号降序打印及格名单(C方式)\学号降序打印及格名单(C方式).vcxproj", "{5C82BAE1-9525-47F4-BC3E-17B88DC8B9A1}"
EndProject
Project("{8BC9CEB8-8B4A-11D0-8D11-00A0C91BC942}") = "成绩降序打印不及格名单(string类)", "成绩降序打印不及格名单(string类)\成绩降序打印不及格名单(string类).vcxproj", "{C25E16D0-EA0C-415D-8F38-D06182D48818}"
EndProject
Project("{8BC9CEB8-8B4A-11D0-8D11-00A0C91BC942}") = "学号升序打印全部学生(string类)", "学号升序打印全部学生(string类)\学号升序打印全部学生(string类).vcxproj", "{63AEF358-F92C-47A8-AECF-F4E0FC6D776C}"
EndProject
Project("{8BC9CEB8-8B4A-11D0-8D11-00A0C91BC942}") = "成绩降序打印全部学生(C方式)", "成绩降序打印全部学生(C方式)\成绩降序打印全部学生(C方式).vcxproj", "{DAB7CB1A-27EB-4334-A2A3-E3AC2CA4DD29}"
EndProject
Project("{8BC9CEB8-8B4A-11D0-8D11-00A0C91BC942}") = "密码生成", "密码生成\密码生成.vcxproj", "{6BD4CF6D-1CC9-48D5-9107-8C546508B49A}"
EndProject
Project("{8BC9CEB8-8B4A-11D0-8D11-00A0C91BC942}") = "密码验证", "密码验证\密码验证.vcxproj", "{B6EB1A49-CCE6-4696-BE7A-B665E95EF4C7}"
EndProject
Global
	GlobalSection(SolutionConfigurationPlatforms) = preSolution
		Debug|x64 = Debug|x64
		Debug|x86 = Debug|x86
		Release|x64 = Release|x64
		Release|x86 = Release|x86
	EndGlobalSection
	GlobalSection(ProjectConfigurationPlatforms) = postSolution
		{4B258A48-0D2F-4C53-812E-67A56001E152}.Debug|x64.ActiveCfg = Debug|x64
		{4B258A48-0D2F-4C53-812E-67A56001E152}.Debug|x64.Build.0 = Debug|x64
		{4B258A48-0D2F-4C53-812E-67A56001E152}.Debug|x86.ActiveCfg = Debug|Win32
		{4B258A48-0D2F-4C53-812E-67A56001E152}.Debug|x86.Build.0 = Debug|Win32
		{4B258A48-0D2F-4C53-812E-67A56001E152}.Release|x64.ActiveCfg = Release|x64
		{4B258A48-0D2F-4C53-812E-67A56001E152}.Release|x64.Build.0 = Release|x64
		{4B258A48-0D2F-4C53-812E-67A56001E152}.Release|x86.ActiveCfg = Release|Win32
		{4B258A48-0D2F-4C53-812E-67A56001E152}.Release|x86.Build.0 = Release|Win32
		{2518DEEA-84B6-4086-AF49-5DDAA5B9001E}.Debug|x64.ActiveCfg = Debug|x64
		{2518DEEA-84B6-4086-AF49-5DDAA5B9001E}.Debug|x64.Build.0 = Debug|x64
		{2518DEEA-84B6-4086-AF49-5DDAA5B9001E}.Debug|x86.ActiveCfg = Debug|Win32
		{2518DEEA-84B6-4086-AF49-5DDAA5B9001E}.Debug|x86.Build.0 = Debug|Win32
		{2518DEEA-84B6-4086-AF49-5DDAA5B9001E}.Release|x64.ActiveCfg = Release|x64
		{2518DEEA-84B6-4086-AF49-5DDAA5B9001E}.Release|x64.Build.0 = Release|x64
		{2518DEEA-84B6-4086-AF49-5DDAA5B9001E}.Release|x86.ActiveCfg = Release|Win32
		{2518DEEA-84B6-4086-AF49-5DDAA5B9001E}.Release|x86.Build.0 = Release|Win32
		{3A0B166E-D6FB-4A78-BD61-B1EDF62D16AC}.Debug|x64.ActiveCfg = Debug|x64
		{3A0B166E-D6FB-4A78-BD61-B1EDF62D16AC}.Debug|x64.Build.0 = Debug|x64
		{3A0B166E-D6FB-4A78-BD61-B1EDF62D16AC}.Debug|x86.ActiveCfg = Debug|Win32
		{3A0B166E-D6FB-4A78-BD61-B1EDF62D16AC}.Debug|x86.Build.0 = Debug|Win32
		{3A0B166E-D6FB-4A78-BD61-B1EDF62D16AC}.Release|x64.ActiveCfg = Release|x64
		{3A0B166E-D6FB-4A78-BD61-B1EDF62D16AC}.Release|x64.Build.0 = Release|x64
		{3A0B166E-D6FB-4A78-BD61-B1EDF62D16AC}.Release|x86.ActiveCfg = Release|Win32
		{3A0B166E-D6FB-4A78-BD61-B1EDF62D16AC}.Release|x86.Build.0 = Release|Win32
		{992EE5D3-4431-496F-A76F-CE58867B3A29}.Debug|x64.ActiveCfg = Debug|x64
		{992EE5D3-4431-496F-A76F-CE58867B3A29}.Debug|x64.Build.0 = Debug|x64
		{992EE5D3-4431-496F-A76F-CE58867B3A29}.Debug|x86.ActiveCfg = Debug|Win32
		{992EE5D3-4431-496F-A76F-CE58867B3A29}.Debug|x86.Build.0 = Debug|Win32
		{992EE5D3-4431-496F-A76F-CE58867B3A29}.Release|x64.ActiveCfg = Release|x64
		{992EE5D3-4431-496F-A76F-CE58867B3A29}.Release|x64.Build.0 = Release|x64
		{992EE5D3-4431-496F-A76F-CE58867B3A29}.Release|x86.ActiveCfg = Release|Win32
		{992EE5D3-4431-496F-A76F-CE58867B3A29}.Release|x86.Build.0 = Release|Win32
		{8BD9F73F-C329-4E8D-90A9-B1BE2C85D5FE}.Debug|x64.ActiveCfg = Debug|x64
		{8BD9F73F-C329-4E8D-90A9-B1BE2C85D5FE}.Debug|x64.Build.0 = Debug|x64
		{8BD9F73F-C329-4E8D-90A9-B1BE2C85D5FE}.Debug|x86.ActiveCfg = Debug|Win32
		{8BD9F73F-C329-4E8D-90A9-B1BE2C85D5FE}.Debug|x86.Build.0 = Debug|Win32
		{8BD9F73F-C329-4E8D-90A9-B1BE2C85D5FE}.Release|x64.ActiveCfg = Release|x64
		{8BD9F73F-C329-4E8D-90A9-B1BE2C85D5FE}.Release|x64.Build.0 = Release|x64
		{8BD9F73F-C329-4E8D-90A9-B1BE2C85D5FE}.Release|x86.ActiveCfg = Release|Win32
		{8BD9F73F-C329-4E8D-90A9-B1BE2C85D5FE}.Release|x86.Build.0 = Release|Win32
		{2BD789AA-49D9-4C5B-ADC4-6B8A1CDB1B50}.Debug|x64.ActiveCfg = Debug|x64
		{2BD789AA-49D9-4C5B-ADC4-6B8A1CDB1B50}.Debug|x64.Build.0 = Debug|x64
		{2BD789AA-49D9-4C5B-ADC4-6B8A1CDB1B50}.Debug|x86.ActiveCfg = Debug|Win32
		{2BD789AA-49D9-4C5B-ADC4-6B8A1CDB1B50}.Debug|x86.Build.0 = Debug|Win32
		{2BD789AA-49D9-4C5B-ADC4-6B8A1CDB1B50}.Release|x64.ActiveCfg = Release|x64
		{2BD789AA-49D9-4C5B-ADC4-6B8A1CDB1B50}.Release|x64.Build.0 = Release|x64
		{2BD789AA-49D9-4C5B-ADC4-6B8A1CDB1B50}.Release|x86.ActiveCfg = Release|Win32
		{2BD789AA-49D9-4C5B-ADC4-6B8A1CDB1B50}.Release|x86.Build.0 = Release|Win32
		{DBEDECD5-46D4-4C74-9E7F-ADAF1A996D9A}.Debug|x64.ActiveCfg = Debug|x64
		{DBEDECD5-46D4-4C74-9E7F-ADAF1A996D9A}.Debug|x64.Build.0 = Debug|x64
		{DBEDECD5-46D4-4C74-9E7F-ADAF1A996D9A}.Debug|x86.ActiveCfg = Debug|Win32
		{DBEDECD5-46D4-4C74-9E7F-ADAF1A996D9A}.Debug|x86.Build.0 = Debug|Win32
		{DBEDECD5-46D4-4C74-9E7F-ADAF1A996D9A}.Release|x64.ActiveCfg = Release|x64
		{DBEDECD5-46D4-4C74-9E7F-ADAF1A996D9A}.Release|x64.Build.0 = Release|x64
		{DBEDECD5-46D4-4C74-9E7F-ADAF1A996D9A}.Release|x86.ActiveCfg = Release|Win32
		{DBEDECD5-46D4-4C74-9E7F-ADAF1A996D9A}.Release|x86.Build.0 = Release|Win32
		{E0267436-E71B-487E-B502-76606A73D305}.Debug|x64.ActiveCfg = Debug|x64
		{E0267436-E71B-487E-B502-76606A73D305}.Debug|x64.Build.0 = Debug|x64
		{E0267436-E71B-487E-B502-76606A73D305}.Debug|x86.ActiveCfg = Debug|Win32
		{E0267436-E71B-487E-B502-76606A73D305}.Debug|x86.Build.0 = Debug|Win32
		{E0267436-E71B-487E-B502-76606A73D305}.Release|x64.ActiveCfg = Release|x64
		{E0267436-E71B-487E-B502-76606A73D305}.Release|x64.Build.0 = Release|x64
		{E0267436-E71B-487E-B502-76606A73D305}.Release|x86.ActiveCfg = Release|Win32
		{E0267436-E71B-487E-B502-76606A73D305}.Release|x86.Build.0 = Release|Win32
		{DE7A62F3-0A5D-4E87-A458-F4257ABB552C}.Debug|x64.ActiveCfg = Debug|x64
		{DE7A62F3-0A5D-4E87-A458-F4257ABB552C}.Debug|x64.Build.0 = Debug|x64
		{DE7A62F3-0A5D-4E87-A458-F4257ABB552C}.Debug|x86.ActiveCfg = Debug|Win32
		{DE7A62F3-0A5D-4E87-A458-F4257ABB552C}.Debug|x86.Build.0 = Debug|Win32
		{DE7A62F3-0A5D-4E87-A458-F4257ABB552C}.Release|x64.ActiveCfg = Release|x64
		{DE7A62F3-0A5D-4E87-A458-F4257ABB552C}.Release|x64.Build.0 = Release|x64
		{DE7A62F3-0A5D-4E87-A458-F4257ABB552C}.Release|x86.ActiveCfg = Release|Win32
		{DE7A62F3-0A5D-4E87-A458-F4257ABB552C}.Release|x86.Build.0 = Release|Win32
		{CE332869-3A05-4519-92D2-AB7F859C9BE8}.Debug|x64.ActiveCfg = Debug|x64
		{CE332869-3A05-4519-92D2-AB7F859C9BE8}.Debug|x64.Build.0 = Debug|x64
		{CE332869-3A05-4519-92D2-AB7F859C9BE8}.Debug|x86.ActiveCfg = Debug|Win32
		{CE332869-3A05-4519-92D2-AB7F859C9BE8}.Debug|x86.Build.0 = Debug|Win32
		{CE332869-3A05-4519-92D2-AB7F859C9BE8}.Release|x64.ActiveCfg = Release|x64
		{CE332869-3A05-4519-92D2-AB7F859C9BE8}.Release|x64.Build.0 = Release|x64
		{CE332869-3A05-4519-92D2-AB7F859C9BE8}.Release|x86.ActiveCfg = Release|Win32
		{CE332869-3A05-4519-92D2-AB7F859C9BE8}.Release|x86.Build.0 = Release|Win32
		{29A0A066-9920-46FF-ADCA-4B1DC3BF8BA2}.Debug|x64.ActiveCfg = Debug|x64
		{29A0A066-9920-46FF-ADCA-4B1DC3BF8BA2}.Debug|x64.Build.0 = Debug|x64
		{29A0A066-9920-46FF-ADCA-4B1DC3BF8BA2}.Debug|x86.ActiveCfg = Debug|Win32
		{29A0A066-9920-46FF-ADCA-4B1DC3BF8BA2}.Debug|x86.Build.0 = Debug|Win32
		{29A0A066-9920-46FF-ADCA-4B1DC3BF8BA2}.Release|x64.ActiveCfg = Release|x64
		{29A0A066-9920-46FF-ADCA-4B1DC3BF8BA2}.Release|x64.Build.0 = Release|x64
		{29A0A066-9920-46FF-ADCA-4B1DC3BF8BA2}.Release|x86.ActiveCfg = Release|Win32
		{29A0A066-9920-46FF-ADCA-4B1DC3BF8BA2}.Release|x86.Build.0 = Release|Win32
		{94311FE4-FCEC-47BA-B7D9-F912B7CBE587}.Debug|x64.ActiveCfg = Debug|x64
		{94311FE4-FCEC-47BA-B7D9-F912B7CBE587}.Debug|x64.Build.0 = Debug|x64
		{94311FE4-FCEC-47BA-B7D9-F912B7CBE587}.Debug|x86.ActiveCfg = Debug|Win32
		{94311FE4-FCEC-47BA-B7D9-F912B7CBE587}.Debug|x86.Build.0 = Debug|Win32
		{94311FE4-FCEC-47BA-B7D9-F912B7CBE587}.Release|x64.ActiveCfg = Release|x64
		{94311FE4-FCEC-47BA-B7D9-F912B7CBE587}.Release|x64.Build.0 = Release|x64
		{94311FE4-FCEC-47BA-B7D9-F912B7CBE587}.Release|x86.ActiveCfg = Release|Win32
		{94311FE4-FCEC-47BA-B7D9-F912B7CBE587}.Release|x86.Build.0 = Release|Win32
		{2F982015-B627-4792-ADAD-88C3E3EA535C}.Debug|x64.ActiveCfg = Debug|x64
		{2F982015-B627-4792-ADAD-88C3E3EA535C}.Debug|x64.Build.0 = Debug|x64
		{2F982015-B627-4792-ADAD-88C3E3EA535C}.Debug|x86.ActiveCfg = Debug|Win32
		{2F982015-B627-4792-ADAD-88C3E3EA535C}.Debug|x86.Build.0 = Debug|Win32
		{2F982015-B627-4792-ADAD-88C3E3EA535C}.Release|x64.ActiveCfg = Release|x64
		{2F982015-B627-4792-ADAD-88C3E3EA535C}.Release|x64.Build.0 = Release|x64
		{2F982015-B627-4792-ADAD-88C3E3EA535C}.Release|x86.ActiveCfg = Release|Win32
		{2F982015-B627-4792-ADAD-88C3E3EA535C}.Release|x86.Build.0 = Release|Win32
		{946D324C-7AF9-4E9D-9EE2-09012594F92D}.Debug|x64.ActiveCfg = Debug|x64
		{946D324C-7AF9-4E9D-9EE2-09012594F92D}.Debug|x64.Build.0 = Debug|x64
		{946D324C-7AF9-4E9D-9EE2-09012594F92D}.Debug|x86.ActiveCfg = Debug|Win32
		{946D324C-7AF9-4E9D-9EE2-09012594F92D}.Debug|x86.Build.0 = Debug|Win32
		{946D324C-7AF9-4E9D-9EE2-09012594F92D}.Release|x64.ActiveCfg = Release|x64
		{946D324C-7AF9-4E9D-9EE2-09012594F92D}.Release|x64.Build.0 = Release|x64
		{946D324C-7AF9-4E9D-9EE2-09012594F92D}.Release|x86.ActiveCfg = Release|Win32
		{946D324C-7AF9-4E9D-9EE2-09012594F92D}.Release|x86.Build.0 = Release|Win32
		{B6EF87D1-CEDE-4C21-B2B2-15CAEEB68774}.Debug|x64.ActiveCfg = Debug|x64
		{B6EF87D1-CEDE-4C21-B2B2-15CAEEB68774}.Debug|x64.Build.0 = Debug|x64
		{B6EF87D1-CEDE-4C21-B2B2-15CAEEB68774}.Debug|x86.ActiveCfg = Debug|Win32
		{B6EF87D1-CEDE-4C21-B2B2-15CAEEB68774}.Debug|x86.Build.0 = Debug|Win32
		{B6EF87D1-CEDE-4C21-B2B2-15CAEEB68774}.Release|x64.ActiveCfg = Release|x64
		{B6EF87D1-CEDE-4C21-B2B2-15CAEEB68774}.Release|x64.Build.0 = Release|x64
		{B6EF87D1-CEDE-4C21-B2B2-15CAEEB68774}.Release|x86.ActiveCfg = Release|Win32
		{B6EF87D1-CEDE-4C21-B2B2-15CAEEB68774}.Release|x86.Build.0 = Release|Win32
		{40F8DF31-CB47-48AF-9D7D-F7E3E53FE078}.Debug|x64.ActiveCfg = Debug|x64
		{40F8DF31-CB47-48AF-9D7D-F7E3E53FE078}.Debug|x64.Build.0 = Debug|x64
		{40F8DF31-CB47-48AF-9D7D-F7E3E53FE078}.Debug|x86.ActiveCfg = Debug|Win32
		{40F8DF31-CB47-48AF-9D7D-F7E3E53FE078}.Debug|x86.Build.0 = Debug|Win32
		{40F8DF31-CB47-48AF-9D7D-F7E3E53FE078}.Release|x64.ActiveCfg = Release|x64
		{40F8DF31-CB47-48AF-9D7D-F7E3E53FE078}.Release|x64.Build.0 = Release|x64
		{40F8DF31-CB47-48AF-9D7D-F7E3E53FE078}.Release|x86.ActiveCfg = Release|Win32
		{40F8DF31-CB47-48AF-9D7D-F7E3E53FE078}.Release|x86.Build.0 = Release|Win32
		{B3B226CF-C1FA-4D25-9632-FA3CB62DCCF2}.Debug|x64.ActiveCfg = Debug|x64
		{B3B226CF-C1FA-4D25-9632-FA3CB62DCCF2}.Debug|x64.Build.0 = Debug|x64
		{B3B226CF-C1FA-4D25-9632-FA3CB62DCCF2}.Debug|x86.ActiveCfg = Debug|Win32
		{B3B226CF-C1FA-4D25-9632-FA3CB62DCCF2}.Debug|x86.Build.0 = Debug|Win32
		{B3B226CF-C1FA-4D25-9632-FA3CB62DCCF2}.Release|x64.ActiveCfg = Release|x64
		{B3B226CF-C1FA-4D25-9632-FA3CB62DCCF2}.Release|x64.Build.0 = Release|x64
		{B3B226CF-C1FA-4D25-9632-FA3CB62DCCF2}.Release|x86.ActiveCfg = Release|Win32
		{B3B226CF-C1FA-4D25-9632-FA3CB62DCCF2}.Release|x86.Build.0 = Release|Win32
		{0CC30B4F-15B9-4E64-AA4B-FCD0C9FDED19}.Debug|x64.ActiveCfg = Debug|x64
		{0CC30B4F-15B9-4E64-AA4B-FCD0C9FDED19}.Debug|x64.Build.0 = Debug|x64
		{0CC30B4F-15B9-4E64-AA4B-FCD0C9FDED19}.Debug|x86.ActiveCfg = Debug|Win32
		{0CC30B4F-15B9-4E64-AA4B-FCD0C9FDED19}.Debug|x86.Build.0 = Debug|Win32
		{0CC30B4F-15B9-4E64-AA4B-FCD0C9FDED19}.Release|x64.ActiveCfg = Release|x64
		{0CC30B4F-15B9-4E64-AA4B-FCD0C9FDED19}.Release|x64.Build.0 = Release|x64
		{0CC30B4F-15B9-4E64-AA4B-FCD0C9FDED19}.Release|x86.ActiveCfg = Release|Win32
		{0CC30B4F-15B9-4E64-AA4B-FCD0C9FDED19}.Release|x86.Build.0 = Release|Win32
		{E5029F17-E118-4C33-97E4-6A335987E605}.Debug|x64.ActiveCfg = Debug|x64
		{E5029F17-E118-4C33-97E4-6A335987E605}.Debug|x64.Build.0 = Debug|x64
		{E5029F17-E118-4C33-97E4-6A335987E605}.Debug|x86.ActiveCfg = Debug|Win32
		{E5029F17-E118-4C33-97E4-6A335987E605}.Debug|x86.Build.0 = Debug|Win32
		{E5029F17-E118-4C33-97E4-6A335987E605}.Release|x64.ActiveCfg = Release|x64
		{E5029F17-E118-4C33-97E4-6A335987E605}.Release|x64.Build.0 = Release|x64
		{E5029F17-E118-4C33-97E4-6A335987E605}.Release|x86.ActiveCfg = Release|Win32
		{E5029F17-E118-4C33-97E4-6A335987E605}.Release|x86.Build.0 = Release|Win32
		{2A6BD19D-FE85-4871-BFC2-39660C770331}.Debug|x64.ActiveCfg = Debug|x64
		{2A6BD19D-FE85-4871-BFC2-39660C770331}.Debug|x64.Build.0 = Debug|x64
		{2A6BD19D-FE85-4871-BFC2-39660C770331}.Debug|x86.ActiveCfg = Debug|Win32
		{2A6BD19D-FE85-4871-BFC2-39660C770331}.Debug|x86.Build.0 = Debug|Win32
		{2A6BD19D-FE85-4871-BFC2-39660C770331}.Release|x64.ActiveCfg = Release|x64
		{2A6BD19D-FE85-4871-BFC2-39660C770331}.Release|x64.Build.0 = Release|x64
		{2A6BD19D-FE85-4871-BFC2-39660C770331}.Release|x86.ActiveCfg = Release|Win32
		{2A6BD19D-FE85-4871-BFC2-39660C770331}.Release|x86.Build.0 = Release|Win32
		{EAD89E45-F62E-4901-8324-2E6BE95D4D7C}.Debug|x64.ActiveCfg = Debug|x64
		{EAD89E45-F62E-4901-8324-2E6BE95D4D7C}.Debug|x64.Build.0 = Debug|x64
		{EAD89E45-F62E-4901-8324-2E6BE95D4D7C}.Debug|x86.ActiveCfg = Debug|Win32
		{EAD89E45-F62E-4901-8324-2E6BE95D4D7C}.Debug|x86.Build.0 = Debug|Win32
		{EAD89E45-F62E-4901-8324-2E6BE95D4D7C}.Release|x64.ActiveCfg = Release|x64
		{EAD89E45-F62E-4901-8324-2E6BE95D4D7C}.Release|x64.Build.0 = Release|x64
		{EAD89E45-F62E-4901-8324-2E6BE95D4D7C}.Release|x86.ActiveCfg = Release|Win32
		{EAD89E45-F62E-4901-8324-2E6BE95D4D7C}.Release|x86.Build.0 = Release|Win32
		{5C82BAE1-9525-47F4-BC3E-17B88DC8B9A1}.Debug|x64.ActiveCfg = Debug|x64
		{5C82BAE1-9525-47F4-BC3E-17B88DC8B9A1}.Debug|x64.Build.0 = Debug|x64
		{5C82BAE1-9525-47F4-BC3E-17B88DC8B9A1}.Debug|x86.ActiveCfg = Debug|Win32
		{5C82BAE1-9525-47F4-BC3E-17B88DC8B9A1}.Debug|x86.Build.0 = Debug|Win32
		{5C82BAE1-9525-47F4-BC3E-17B88DC8B9A1}.Release|x64.ActiveCfg = Release|x64
		{5C82BAE1-9525-47F4-BC3E-17B88DC8B9A1}.Release|x64.Build.0 = Release|x64
		{5C82BAE1-9525-47F4-BC3E-17B88DC8B9A1}.Release|x86.ActiveCfg = Release|Win32
		{5C82BAE1-9525-47F4-BC3E-17B88DC8B9A1}.Release|x86.Build.0 = Release|Win32
		{C25E16D0-EA0C-415D-8F38-D06182D48818}.Debug|x64.ActiveCfg = Debug|x64
		{C25E16D0-EA0C-415D-8F38-D06182D48818}.Debug|x64.Build.0 = Debug|x64
		{C25E16D0-EA0C-415D-8F38-D06182D48818}.Debug|x86.ActiveCfg = Debug|Win32
		{C25E16D0-EA0C-415D-8F38-D06182D48818}.Debug|x86.Build.0 = Debug|Win32
		{C25E16D0-EA0C-415D-8F38-D06182D48818}.Release|x64.ActiveCfg = Release|x64
		{C25E16D0-EA0C-415D-8F38-D06182D48818}.Release|x64.Build.0 = Release|x64
		{C25E16D0-EA0C-415D-8F38-D06182D48818}.Release|x86.ActiveCfg = Release|Win32
		{C25E16D0-EA0C-415D-8F38-D06182D48818}.Release|x86.Build.0 = Release|Win32
		{63AEF358-F92C-47A8-AECF-F4E0FC6D776C}.Debug|x64.ActiveCfg = Debug|x64
		{63AEF358-F92C-47A8-AECF-F4E0FC6D776C}.Debug|x64.Build.0 = Debug|x64
		{63AEF358-F92C-47A8-AECF-F4E0FC6D776C}.Debug|x86.ActiveCfg = Debug|Win32
		{63AEF358-F92C-47A8-AECF-F4E0FC6D776C}.Debug|x86.Build.0 = Debug|Win32
		{63AEF358-F92C-47A8-AECF-F4E0FC6D776C}.Release|x64.ActiveCfg = Release|x64
		{63AEF358-F92C-47A8-AECF-F4E0FC6D776C}.Release|x64.Build.0 = Release|x64
		{63AEF358-F92C-47A8-AECF-F4E0FC6D776C}.Release|x86.ActiveCfg = Release|Win32
		{63AEF358-F92C-47A8-AECF-F4E0FC6D776C}.Release|x86.Build.0 = Release|Win32
		{DAB7CB1A-27EB-4334-A2A3-E3AC2CA4DD29}.Debug|x64.ActiveCfg = Debug|x64
		{DAB7CB1A-27EB-4334-A2A3-E3AC2CA4DD29}.Debug|x64.Build.0 = Debug|x64
		{DAB7CB1A-27EB-4334-A2A3-E3AC2CA4DD29}.Debug|x86.ActiveCfg = Debug|Win32
		{DAB7CB1A-27EB-4334-A2A3-E3AC2CA4DD29}.Debug|x86.Build.0 = Debug|Win32
		{DAB7CB1A-27EB-4334-A2A3-E3AC2CA4DD29}.Release|x64.ActiveCfg = Release|x64
		{DAB7CB1A-27EB-4334-A2A3-E3AC2CA4DD29}.Release|x64.Build.0 = Release|x64
		{DAB7CB1A-27EB-4334-A2A3-E3AC2CA4DD29}.Release|x86.ActiveCfg = Release|Win32
		{DAB7CB1A-27EB-4334-A2A3-E3AC2CA4DD29}.Release|x86.Build.0 = Release|Win32
		{6BD4CF6D-1CC9-48D5-9107-8C546508B49A}.Debug|x64.ActiveCfg = Debug|x64
		{6BD4CF6D-1CC9-48D5-9107-8C546508B49A}.Debug|x64.Build.0 = Debug|x64
		{6BD4CF6D-1CC9-48D5-9107-8C546508B49A}.Debug|x86.ActiveCfg = Debug|Win32
		{6BD4CF6D-1CC9-48D5-9107-8C546508B49A}.Debug|x86.Build.0 = Debug|Win32
		{6BD4CF6D-1CC9-48D5-9107-8C546508B49A}.Release|x64.ActiveCfg = Release|x64
		{6BD4CF6D-1CC9-48D5-9107-8C546508B49A}.Release|x64.Build.0 = Release|x64
		{6BD4CF6D-1CC9-48D5-9107-8C546508B49A}.Release|x86.ActiveCfg = Release|Win32
		{6BD4CF6D-1CC9-48D5-9107-8C546508B49A}.Release|x86.Build.0 = Release|Win32
		{B6EB1A49-CCE6-4696-BE7A-B665E95EF4C7}.Debug|x64.ActiveCfg = Debug|x64
		{B6EB1A49-CCE6-4696-BE7A-B665E95EF4C7}.Debug|x64.Build.0 = Debug|x64
		{B6EB1A49-CCE6-4696-BE7A-B665E95EF4C7}.Debug|x86.ActiveCfg = Debug|Win32
		{B6EB1A49-CCE6-4696-BE7A-B665E95EF4C7}.Debug|x86.Build.0 = Debug|Win32
		{B6EB1A49-CCE6-4696-BE7A-B665E95EF4C7}.Release|x64.ActiveCfg = Release|x64
		{B6EB1A49-CCE6-4696-BE7A-B665E95EF4C7}.Release|x64.Build.0 = Release|x64
		{B6EB1A49-CCE6-4696-BE7A-B665E95EF4C7}.Release|x86.ActiveCfg = Release|Win32
		{B6EB1A49-CCE6-4696-BE7A-B665E95EF4C7}.Release|x86.Build.0 = Release|Win32
	EndGlobalSection
	GlobalSection(SolutionProperties) = preSolution
		HideSolutionNode = FALSE
	EndGlobalSection
	GlobalSection(ExtensibilityGlobals) = postSolution
		SolutionGuid = {D2E72A88-7537-4057-8152-22E0313FDFB1}
	EndGlobalSection
EndGlobal
